// !$*UTF8*$!
{
	archiveVersion = 1;
	classes = {
	};
	objectVersion = 46;
	objects = {

/* Begin PBXBuildFile section */
		09115D321FA591A300008979 /* CellModel.swift in Sources */ = {isa = PBXBuildFile; fileRef = 09115D311FA591A300008979 /* CellModel.swift */; };
		09115D381FA5E82600008979 /* Files.plist in Resources */ = {isa = PBXBuildFile; fileRef = 09115D371FA5E82600008979 /* Files.plist */; };
		09115D7B1FA6338C00008979 /* FileList.xcdatamodeld in Sources */ = {isa = PBXBuildFile; fileRef = 09115D791FA6338C00008979 /* FileList.xcdatamodeld */; };
		09115D7D1FA64CA200008979 /* File.swift in Sources */ = {isa = PBXBuildFile; fileRef = 09115D7C1FA64CA200008979 /* File.swift */; };
		093E3B851F9EE70D007944F5 /* Settings.bundle in Resources */ = {isa = PBXBuildFile; fileRef = 093E3B841F9EE70C007944F5 /* Settings.bundle */; };
		09481FD31F90ECBE002EAE03 /* AppDelegate.swift in Sources */ = {isa = PBXBuildFile; fileRef = 09481FD21F90ECBE002EAE03 /* AppDelegate.swift */; };
		09481FDA1F90ECBE002EAE03 /* Assets.xcassets in Resources */ = {isa = PBXBuildFile; fileRef = 09481FD91F90ECBE002EAE03 /* Assets.xcassets */; };
		09481FDD1F90ECBE002EAE03 /* LaunchScreen.storyboard in Resources */ = {isa = PBXBuildFile; fileRef = 09481FDB1F90ECBE002EAE03 /* LaunchScreen.storyboard */; };
		094820121F90F4BE002EAE03 /* Constant.swift in Sources */ = {isa = PBXBuildFile; fileRef = 094820111F90F4BE002EAE03 /* Constant.swift */; };
		0948201A1F90F4E5002EAE03 /* IndegeneSettingsHelper.swift in Sources */ = {isa = PBXBuildFile; fileRef = 094820191F90F4E5002EAE03 /* IndegeneSettingsHelper.swift */; };
		094820261F90FC3C002EAE03 /* FileListViewController.swift in Sources */ = {isa = PBXBuildFile; fileRef = 094820251F90FC3C002EAE03 /* FileListViewController.swift */; };
		0948202A1F9104EE002EAE03 /* FileCell.swift in Sources */ = {isa = PBXBuildFile; fileRef = 094820291F9104EE002EAE03 /* FileCell.swift */; };
		0948202E1F9138AA002EAE03 /* DownloadManager.swift in Sources */ = {isa = PBXBuildFile; fileRef = 0948202D1F9138AA002EAE03 /* DownloadManager.swift */; };
		0948204E1F91C0EA002EAE03 /* Utility.swift in Sources */ = {isa = PBXBuildFile; fileRef = 0948204D1F91C0EA002EAE03 /* Utility.swift */; };
		094820521F91E896002EAE03 /* FilepreviewControllerViewController.swift in Sources */ = {isa = PBXBuildFile; fileRef = 094820511F91E896002EAE03 /* FilepreviewControllerViewController.swift */; };
		094820561F91EC0E002EAE03 /* Main.storyboard in Resources */ = {isa = PBXBuildFile; fileRef = 094820551F91EC0E002EAE03 /* Main.storyboard */; };
		0948205A1F91FEE4002EAE03 /* FileListHelper.swift in Sources */ = {isa = PBXBuildFile; fileRef = 094820591F91FEE4002EAE03 /* FileListHelper.swift */; };
		095233341FA9B7E7000F6BAD /* FilePreviewModel.swift in Sources */ = {isa = PBXBuildFile; fileRef = 095233331FA9B7E7000F6BAD /* FilePreviewModel.swift */; };
		095233361FA9B8BD000F6BAD /* FIleViewModel.swift in Sources */ = {isa = PBXBuildFile; fileRef = 095233351FA9B8BD000F6BAD /* FIleViewModel.swift */; };
		095233381FAA1C12000F6BAD /* CustomCollectionLayout.swift in Sources */ = {isa = PBXBuildFile; fileRef = 095233371FAA1C12000F6BAD /* CustomCollectionLayout.swift */; };
		099CB3DD1FA6BDBA003A3D53 /* CoreData.swift in Sources */ = {isa = PBXBuildFile; fileRef = 099CB3DC1FA6BDBA003A3D53 /* CoreData.swift */; };
		09A99F621FAAC4C7007B4167 /* Swime.framework in Embed Frameworks */ = {isa = PBXBuildFile; fileRef = 099CB3D91FA64E80003A3D53 /* Swime.framework */; settings = {ATTRIBUTES = (CodeSignOnCopy, RemoveHeadersOnCopy, ); }; };
/* End PBXBuildFile section */

/* Begin PBXCopyFilesBuildPhase section */
		0979FA091FA036F4004FB7D3 /* Embed App Extensions */ = {
			isa = PBXCopyFilesBuildPhase;
			buildActionMask = 2147483647;
			dstPath = "";
			dstSubfolderSpec = 13;
			files = (
			);
			name = "Embed App Extensions";
			runOnlyForDeploymentPostprocessing = 0;
		};
		09A99F601FAAC477007B4167 /* Embed Frameworks */ = {
			isa = PBXCopyFilesBuildPhase;
			buildActionMask = 2147483647;
			dstPath = "";
			dstSubfolderSpec = 10;
			files = (
				09A99F621FAAC4C7007B4167 /* Swime.framework in Embed Frameworks */,
			);
			name = "Embed Frameworks";
			runOnlyForDeploymentPostprocessing = 0;
		};
/* End PBXCopyFilesBuildPhase section */

/* Begin PBXFileReference section */
		09115D311FA591A300008979 /* CellModel.swift */ = {isa = PBXFileReference; lastKnownFileType = sourcecode.swift; path = CellModel.swift; sourceTree = "<group>"; };
		09115D371FA5E82600008979 /* Files.plist */ = {isa = PBXFileReference; lastKnownFileType = text.plist.xml; path = Files.plist; sourceTree = "<group>"; };
		09115D7A1FA6338C00008979 /* FIleList.xcdatamodel */ = {isa = PBXFileReference; lastKnownFileType = wrapper.xcdatamodel; path = FIleList.xcdatamodel; sourceTree = "<group>"; };
		09115D7C1FA64CA200008979 /* File.swift */ = {isa = PBXFileReference; lastKnownFileType = sourcecode.swift; path = File.swift; sourceTree = "<group>"; };
		093E3B841F9EE70C007944F5 /* Settings.bundle */ = {isa = PBXFileReference; lastKnownFileType = "wrapper.plug-in"; path = Settings.bundle; sourceTree = "<group>"; };
		09481FCF1F90ECBE002EAE03 /* FileList.app */ = {isa = PBXFileReference; explicitFileType = wrapper.application; includeInIndex = 0; path = FileList.app; sourceTree = BUILT_PRODUCTS_DIR; };
		09481FD21F90ECBE002EAE03 /* AppDelegate.swift */ = {isa = PBXFileReference; lastKnownFileType = sourcecode.swift; path = AppDelegate.swift; sourceTree = "<group>"; };
		09481FD91F90ECBE002EAE03 /* Assets.xcassets */ = {isa = PBXFileReference; lastKnownFileType = folder.assetcatalog; path = Assets.xcassets; sourceTree = "<group>"; };
		09481FDC1F90ECBE002EAE03 /* Base */ = {isa = PBXFileReference; lastKnownFileType = file.storyboard; name = Base; path = Base.lproj/LaunchScreen.storyboard; sourceTree = "<group>"; };
		09481FDE1F90ECBE002EAE03 /* Info.plist */ = {isa = PBXFileReference; lastKnownFileType = text.plist.xml; path = Info.plist; sourceTree = "<group>"; };
		094820111F90F4BE002EAE03 /* Constant.swift */ = {isa = PBXFileReference; fileEncoding = 4; lastKnownFileType = sourcecode.swift; path = Constant.swift; sourceTree = "<group>"; };
		094820191F90F4E5002EAE03 /* IndegeneSettingsHelper.swift */ = {isa = PBXFileReference; fileEncoding = 4; lastKnownFileType = sourcecode.swift; path = IndegeneSettingsHelper.swift; sourceTree = "<group>"; };
		094820251F90FC3C002EAE03 /* FileListViewController.swift */ = {isa = PBXFileReference; fileEncoding = 4; lastKnownFileType = sourcecode.swift; path = FileListViewController.swift; sourceTree = "<group>"; };
		094820291F9104EE002EAE03 /* FileCell.swift */ = {isa = PBXFileReference; fileEncoding = 4; lastKnownFileType = sourcecode.swift; path = FileCell.swift; sourceTree = "<group>"; };
		0948202D1F9138AA002EAE03 /* DownloadManager.swift */ = {isa = PBXFileReference; fileEncoding = 4; lastKnownFileType = sourcecode.swift; path = DownloadManager.swift; sourceTree = "<group>"; };
		0948204D1F91C0EA002EAE03 /* Utility.swift */ = {isa = PBXFileReference; fileEncoding = 4; lastKnownFileType = sourcecode.swift; path = Utility.swift; sourceTree = "<group>"; };
		094820511F91E896002EAE03 /* FilepreviewControllerViewController.swift */ = {isa = PBXFileReference; fileEncoding = 4; lastKnownFileType = sourcecode.swift; path = FilepreviewControllerViewController.swift; sourceTree = "<group>"; };
		094820551F91EC0E002EAE03 /* Main.storyboard */ = {isa = PBXFileReference; fileEncoding = 4; lastKnownFileType = file.storyboard; path = Main.storyboard; sourceTree = "<group>"; };
		094820591F91FEE4002EAE03 /* FileListHelper.swift */ = {isa = PBXFileReference; fileEncoding = 4; lastKnownFileType = sourcecode.swift; path = FileListHelper.swift; sourceTree = "<group>"; };
		095233331FA9B7E7000F6BAD /* FilePreviewModel.swift */ = {isa = PBXFileReference; lastKnownFileType = sourcecode.swift; path = FilePreviewModel.swift; sourceTree = "<group>"; };
		095233351FA9B8BD000F6BAD /* FIleViewModel.swift */ = {isa = PBXFileReference; fileEncoding = 4; lastKnownFileType = sourcecode.swift; path = FIleViewModel.swift; sourceTree = "<group>"; };
		095233371FAA1C12000F6BAD /* CustomCollectionLayout.swift */ = {isa = PBXFileReference; lastKnownFileType = sourcecode.swift; path = CustomCollectionLayout.swift; sourceTree = "<group>"; };
		099CB3D91FA64E80003A3D53 /* Swime.framework */ = {isa = PBXFileReference; lastKnownFileType = wrapper.framework; path = Swime.framework; sourceTree = "<group>"; };
		099CB3DC1FA6BDBA003A3D53 /* CoreData.swift */ = {isa = PBXFileReference; lastKnownFileType = sourcecode.swift; path = CoreData.swift; sourceTree = "<group>"; };
		09A99F571FAAC44C007B4167 /* Swime.framework */ = {isa = PBXFileReference; lastKnownFileType = wrapper.framework; path = Swime.framework; sourceTree = "<group>"; };
		09A99F591FAAC44C007B4167 /* Swime.framework */ = {isa = PBXFileReference; lastKnownFileType = wrapper.framework; path = Swime.framework; sourceTree = "<group>"; };
/* End PBXFileReference section */

/* Begin PBXFrameworksBuildPhase section */
		09481FCC1F90ECBE002EAE03 /* Frameworks */ = {
			isa = PBXFrameworksBuildPhase;
			buildActionMask = 2147483647;
			files = (
			);
			runOnlyForDeploymentPostprocessing = 0;
		};
/* End PBXFrameworksBuildPhase section */

/* Begin PBXGroup section */
		0903FEA31F9EDA3F0056053B /* Frameworks */ = {
			isa = PBXGroup;
			children = (
				09A99F561FAAC44C007B4167 /* Dev */,
				09A99F581FAAC44C007B4167 /* Sim */,
				099CB3D91FA64E80003A3D53 /* Swime.framework */,
			);
			name = Frameworks;
			sourceTree = "<group>";
		};
		09115D2D1FA5918B00008979 /* CustomViewModel */ = {
			isa = PBXGroup;
			children = (
				09115D311FA591A300008979 /* CellModel.swift */,
			);
			name = CustomViewModel;
			sourceTree = "<group>";
		};
		09481FC61F90ECBE002EAE03 = {
			isa = PBXGroup;
			children = (
				09481FD11F90ECBE002EAE03 /* FileList */,
				09481FD01F90ECBE002EAE03 /* Products */,
				0903FEA31F9EDA3F0056053B /* Frameworks */,
			);
			sourceTree = "<group>";
		};
		09481FD01F90ECBE002EAE03 /* Products */ = {
			isa = PBXGroup;
			children = (
				09481FCF1F90ECBE002EAE03 /* FileList.app */,
			);
			name = Products;
			sourceTree = "<group>";
		};
		09481FD11F90ECBE002EAE03 /* FileList */ = {
			isa = PBXGroup;
			children = (
				094820091F90F4AB002EAE03 /* Common */,
				0948200A1F90F4AB002EAE03 /* Controller */,
				0948200B1F90F4AB002EAE03 /* Model */,
				0948200F1F90F4AB002EAE03 /* view */,
				094820001F90ECCE002EAE03 /* Resources */,
				09481FD21F90ECBE002EAE03 /* AppDelegate.swift */,
			);
			path = FileList;
			sourceTree = "<group>";
		};
		094820001F90ECCE002EAE03 /* Resources */ = {
			isa = PBXGroup;
			children = (
				093E3B841F9EE70C007944F5 /* Settings.bundle */,
				09481FD91F90ECBE002EAE03 /* Assets.xcassets */,
				09481FDB1F90ECBE002EAE03 /* LaunchScreen.storyboard */,
				09481FDE1F90ECBE002EAE03 /* Info.plist */,
				094820551F91EC0E002EAE03 /* Main.storyboard */,
				09115D371FA5E82600008979 /* Files.plist */,
				09115D791FA6338C00008979 /* FileList.xcdatamodeld */,
			);
			name = Resources;
			sourceTree = "<group>";
		};
		094820091F90F4AB002EAE03 /* Common */ = {
			isa = PBXGroup;
			children = (
				094820111F90F4BE002EAE03 /* Constant.swift */,
				094820191F90F4E5002EAE03 /* IndegeneSettingsHelper.swift */,
				0948204D1F91C0EA002EAE03 /* Utility.swift */,
				099CB3DC1FA6BDBA003A3D53 /* CoreData.swift */,
			);
			path = Common;
			sourceTree = "<group>";
		};
		0948200A1F90F4AB002EAE03 /* Controller */ = {
			isa = PBXGroup;
			children = (
				095233351FA9B8BD000F6BAD /* FIleViewModel.swift */,
				094820251F90FC3C002EAE03 /* FileListViewController.swift */,
				094820511F91E896002EAE03 /* FilepreviewControllerViewController.swift */,
				095233331FA9B7E7000F6BAD /* FilePreviewModel.swift */,
				095233371FAA1C12000F6BAD /* CustomCollectionLayout.swift */,
			);
			path = Controller;
			sourceTree = "<group>";
		};
		0948200B1F90F4AB002EAE03 /* Model */ = {
			isa = PBXGroup;
			children = (
				0948200D1F90F4AB002EAE03 /* NetworkHelper */,
				0948200E1F90F4AB002EAE03 /* VCHelpers */,
				09115D7C1FA64CA200008979 /* File.swift */,
			);
			path = Model;
			sourceTree = "<group>";
		};
		0948200D1F90F4AB002EAE03 /* NetworkHelper */ = {
			isa = PBXGroup;
			children = (
				0948202D1F9138AA002EAE03 /* DownloadManager.swift */,
			);
			path = NetworkHelper;
			sourceTree = "<group>";
		};
		0948200E1F90F4AB002EAE03 /* VCHelpers */ = {
			isa = PBXGroup;
			children = (
				094820591F91FEE4002EAE03 /* FileListHelper.swift */,
			);
			path = VCHelpers;
			sourceTree = "<group>";
		};
		0948200F1F90F4AB002EAE03 /* view */ = {
			isa = PBXGroup;
			children = (
				09115D2D1FA5918B00008979 /* CustomViewModel */,
				094820101F90F4AB002EAE03 /* CustomView */,
			);
			path = view;
			sourceTree = "<group>";
		};
		094820101F90F4AB002EAE03 /* CustomView */ = {
			isa = PBXGroup;
			children = (
				094820291F9104EE002EAE03 /* FileCell.swift */,
			);
			path = CustomView;
			sourceTree = "<group>";
		};
		09A99F561FAAC44C007B4167 /* Dev */ = {
			isa = PBXGroup;
			children = (
				09A99F571FAAC44C007B4167 /* Swime.framework */,
			);
			path = Dev;
			sourceTree = "<group>";
		};
		09A99F581FAAC44C007B4167 /* Sim */ = {
			isa = PBXGroup;
			children = (
				09A99F591FAAC44C007B4167 /* Swime.framework */,
			);
			path = Sim;
			sourceTree = "<group>";
		};
/* End PBXGroup section */

/* Begin PBXNativeTarget section */
		09481FCE1F90ECBE002EAE03 /* FileList */ = {
			isa = PBXNativeTarget;
			buildConfigurationList = 09481FF71F90ECBE002EAE03 /* Build configuration list for PBXNativeTarget "FileList" */;
			buildPhases = (
				09481FCB1F90ECBE002EAE03 /* Sources */,
				09481FCC1F90ECBE002EAE03 /* Frameworks */,
				09481FCD1F90ECBE002EAE03 /* Resources */,
				0979FA091FA036F4004FB7D3 /* Embed App Extensions */,
				09A99F601FAAC477007B4167 /* Embed Frameworks */,
			);
			buildRules = (
			);
			dependencies = (
			);
			name = FileList;
			productName = FileList;
			productReference = 09481FCF1F90ECBE002EAE03 /* FileList.app */;
			productType = "com.apple.product-type.application";
		};
/* End PBXNativeTarget section */

/* Begin PBXProject section */
		09481FC71F90ECBE002EAE03 /* Project object */ = {
			isa = PBXProject;
			attributes = {
				LastSwiftUpdateCheck = 0910;
				LastUpgradeCheck = 0830;
				ORGANIZATIONNAME = Indegene;
				TargetAttributes = {
					09481FCE1F90ECBE002EAE03 = {
						CreatedOnToolsVersion = 8.3.3;
						DevelopmentTeam = T4NTT89B96;
						ProvisioningStyle = Automatic;
						SystemCapabilities = {
							com.apple.ApplicationGroups.iOS = {
								enabled = 0;
							};
							com.apple.BackgroundModes = {
								enabled = 1;
							};
						};
					};
				};
			};
			buildConfigurationList = 09481FCA1F90ECBE002EAE03 /* Build configuration list for PBXProject "FileList" */;
			compatibilityVersion = "Xcode 3.2";
			developmentRegion = English;
			hasScannedForEncodings = 0;
			knownRegions = (
				en,
				Base,
			);
			mainGroup = 09481FC61F90ECBE002EAE03;
			productRefGroup = 09481FD01F90ECBE002EAE03 /* Products */;
			projectDirPath = "";
			projectRoot = "";
			targets = (
				09481FCE1F90ECBE002EAE03 /* FileList */,
			);
		};
/* End PBXProject section */

/* Begin PBXResourcesBuildPhase section */
		09481FCD1F90ECBE002EAE03 /* Resources */ = {
			isa = PBXResourcesBuildPhase;
			buildActionMask = 2147483647;
			files = (
				093E3B851F9EE70D007944F5 /* Settings.bundle in Resources */,
				09481FDD1F90ECBE002EAE03 /* LaunchScreen.storyboard in Resources */,
				09115D381FA5E82600008979 /* Files.plist in Resources */,
				09481FDA1F90ECBE002EAE03 /* Assets.xcassets in Resources */,
				094820561F91EC0E002EAE03 /* Main.storyboard in Resources */,
			);
			runOnlyForDeploymentPostprocessing = 0;
		};
/* End PBXResourcesBuildPhase section */

/* Begin PBXSourcesBuildPhase section */
		09481FCB1F90ECBE002EAE03 /* Sources */ = {
			isa = PBXSourcesBuildPhase;
			buildActionMask = 2147483647;
			files = (
				0948204E1F91C0EA002EAE03 /* Utility.swift in Sources */,
				094820521F91E896002EAE03 /* FilepreviewControllerViewController.swift in Sources */,
				095233341FA9B7E7000F6BAD /* FilePreviewModel.swift in Sources */,
				0948202A1F9104EE002EAE03 /* FileCell.swift in Sources */,
				099CB3DD1FA6BDBA003A3D53 /* CoreData.swift in Sources */,
				095233361FA9B8BD000F6BAD /* FIleViewModel.swift in Sources */,
				094820261F90FC3C002EAE03 /* FileListViewController.swift in Sources */,
				09115D7B1FA6338C00008979 /* FileList.xcdatamodeld in Sources */,
				0948202E1F9138AA002EAE03 /* DownloadManager.swift in Sources */,
				09481FD31F90ECBE002EAE03 /* AppDelegate.swift in Sources */,
				0948205A1F91FEE4002EAE03 /* FileListHelper.swift in Sources */,
				094820121F90F4BE002EAE03 /* Constant.swift in Sources */,
				095233381FAA1C12000F6BAD /* CustomCollectionLayout.swift in Sources */,
				09115D7D1FA64CA200008979 /* File.swift in Sources */,
				0948201A1F90F4E5002EAE03 /* IndegeneSettingsHelper.swift in Sources */,
				09115D321FA591A300008979 /* CellModel.swift in Sources */,
			);
			runOnlyForDeploymentPostprocessing = 0;
		};
/* End PBXSourcesBuildPhase section */

/* Begin PBXVariantGroup section */
		09481FDB1F90ECBE002EAE03 /* LaunchScreen.storyboard */ = {
			isa = PBXVariantGroup;
			children = (
				09481FDC1F90ECBE002EAE03 /* Base */,
			);
			name = LaunchScreen.storyboard;
			sourceTree = "<group>";
		};
/* End PBXVariantGroup section */

/* Begin XCBuildConfiguration section */
		09481FF51F90ECBE002EAE03 /* Debug */ = {
			isa = XCBuildConfiguration;
			buildSettings = {
				ALWAYS_SEARCH_USER_PATHS = NO;
				CLANG_ANALYZER_NONNULL = YES;
				CLANG_ANALYZER_NUMBER_OBJECT_CONVERSION = YES_AGGRESSIVE;
				CLANG_CXX_LANGUAGE_STANDARD = "gnu++0x";
				CLANG_CXX_LIBRARY = "libc++";
				CLANG_ENABLE_MODULES = YES;
				CLANG_ENABLE_OBJC_ARC = YES;
				CLANG_WARN_BOOL_CONVERSION = YES;
				CLANG_WARN_CONSTANT_CONVERSION = YES;
				CLANG_WARN_DIRECT_OBJC_ISA_USAGE = YES_ERROR;
				CLANG_WARN_DOCUMENTATION_COMMENTS = YES;
				CLANG_WARN_EMPTY_BODY = YES;
				CLANG_WARN_ENUM_CONVERSION = YES;
				CLANG_WARN_INFINITE_RECURSION = YES;
				CLANG_WARN_INT_CONVERSION = YES;
				CLANG_WARN_OBJC_ROOT_CLASS = YES_ERROR;
				CLANG_WARN_SUSPICIOUS_MOVE = YES;
				CLANG_WARN_UNREACHABLE_CODE = YES;
				CLANG_WARN__DUPLICATE_METHOD_MATCH = YES;
				"CODE_SIGN_IDENTITY[sdk=iphoneos*]" = "iPhone Developer";
				COPY_PHASE_STRIP = NO;
				DEBUG_INFORMATION_FORMAT = dwarf;
				ENABLE_STRICT_OBJC_MSGSEND = YES;
				ENABLE_TESTABILITY = YES;
				GCC_C_LANGUAGE_STANDARD = gnu99;
				GCC_DYNAMIC_NO_PIC = NO;
				GCC_NO_COMMON_BLOCKS = YES;
				GCC_OPTIMIZATION_LEVEL = 0;
				GCC_PREPROCESSOR_DEFINITIONS = (
					"DEBUG=1",
					"$(inherited)",
				);
				GCC_WARN_64_TO_32_BIT_CONVERSION = YES;
				GCC_WARN_ABOUT_RETURN_TYPE = YES_ERROR;
				GCC_WARN_UNDECLARED_SELECTOR = YES;
				GCC_WARN_UNINITIALIZED_AUTOS = YES_AGGRESSIVE;
				GCC_WARN_UNUSED_FUNCTION = YES;
				GCC_WARN_UNUSED_VARIABLE = YES;
				IPHONEOS_DEPLOYMENT_TARGET = 10.3;
				MTL_ENABLE_DEBUG_INFO = YES;
				ONLY_ACTIVE_ARCH = YES;
				SDKROOT = iphoneos;
				SWIFT_ACTIVE_COMPILATION_CONDITIONS = DEBUG;
				SWIFT_OPTIMIZATION_LEVEL = "-Onone";
				TARGETED_DEVICE_FAMILY = "1,2";
			};
			name = Debug;
		};
		09481FF61F90ECBE002EAE03 /* Release */ = {
			isa = XCBuildConfiguration;
			buildSettings = {
				ALWAYS_SEARCH_USER_PATHS = NO;
				CLANG_ANALYZER_NONNULL = YES;
				CLANG_ANALYZER_NUMBER_OBJECT_CONVERSION = YES_AGGRESSIVE;
				CLANG_CXX_LANGUAGE_STANDARD = "gnu++0x";
				CLANG_CXX_LIBRARY = "libc++";
				CLANG_ENABLE_MODULES = YES;
				CLANG_ENABLE_OBJC_ARC = YES;
				CLANG_WARN_BOOL_CONVERSION = YES;
				CLANG_WARN_CONSTANT_CONVERSION = YES;
				CLANG_WARN_DIRECT_OBJC_ISA_USAGE = YES_ERROR;
				CLANG_WARN_DOCUMENTATION_COMMENTS = YES;
				CLANG_WARN_EMPTY_BODY = YES;
				CLANG_WARN_ENUM_CONVERSION = YES;
				CLANG_WARN_INFINITE_RECURSION = YES;
				CLANG_WARN_INT_CONVERSION = YES;
				CLANG_WARN_OBJC_ROOT_CLASS = YES_ERROR;
				CLANG_WARN_SUSPICIOUS_MOVE = YES;
				CLANG_WARN_UNREACHABLE_CODE = YES;
				CLANG_WARN__DUPLICATE_METHOD_MATCH = YES;
				"CODE_SIGN_IDENTITY[sdk=iphoneos*]" = "iPhone Developer";
				COPY_PHASE_STRIP = NO;
				DEBUG_INFORMATION_FORMAT = "dwarf-with-dsym";
				ENABLE_NS_ASSERTIONS = NO;
				ENABLE_STRICT_OBJC_MSGSEND = YES;
				GCC_C_LANGUAGE_STANDARD = gnu99;
				GCC_NO_COMMON_BLOCKS = YES;
				GCC_WARN_64_TO_32_BIT_CONVERSION = YES;
				GCC_WARN_ABOUT_RETURN_TYPE = YES_ERROR;
				GCC_WARN_UNDECLARED_SELECTOR = YES;
				GCC_WARN_UNINITIALIZED_AUTOS = YES_AGGRESSIVE;
				GCC_WARN_UNUSED_FUNCTION = YES;
				GCC_WARN_UNUSED_VARIABLE = YES;
				IPHONEOS_DEPLOYMENT_TARGET = 10.3;
				MTL_ENABLE_DEBUG_INFO = NO;
				SDKROOT = iphoneos;
				SWIFT_OPTIMIZATION_LEVEL = "-Owholemodule";
				TARGETED_DEVICE_FAMILY = "1,2";
				VALIDATE_PRODUCT = YES;
			};
			name = Release;
		};
		09481FF81F90ECBE002EAE03 /* Debug */ = {
			isa = XCBuildConfiguration;
			buildSettings = {
				ASSETCATALOG_COMPILER_APPICON_NAME = AppIcon;
				CODE_SIGN_IDENTITY = "iPhone Developer";
				"CODE_SIGN_IDENTITY[sdk=iphoneos*]" = "iPhone Developer";
				CODE_SIGN_STYLE = Automatic;
				DEVELOPMENT_TEAM = T4NTT89B96;
				FRAMEWORK_SEARCH_PATHS = (
					"$(inherited)",
					"$(PROJECT_DIR)/FileList",
					"$(PROJECT_DIR)",
				);
				INFOPLIST_FILE = FileList/Info.plist;
				IPHONEOS_DEPLOYMENT_TARGET = 11.0;
				LD_RUNPATH_SEARCH_PATHS = "$(inherited) @executable_path/../Frameworks @executable_path/Frameworks";
				LIBRARY_SEARCH_PATHS = "$(SRCROOT)/FileList";
				PRODUCT_BUNDLE_IDENTIFIER = com.indegene.assignment.FileList1;
				PRODUCT_NAME = "$(TARGET_NAME)";
				PROVISIONING_PROFILE_SPECIFIER = "";
				SWIFT_VERSION = 4.0;
				SYSTEM_FRAMEWORK_SEARCH_PATHS = "$(SRCROOT)/FileList";
			};
			name = Debug;
		};
		09481FF91F90ECBE002EAE03 /* Release */ = {
			isa = XCBuildConfiguration;
			buildSettings = {
				ASSETCATALOG_COMPILER_APPICON_NAME = AppIcon;
				CODE_SIGN_IDENTITY = "iPhone Developer";
				"CODE_SIGN_IDENTITY[sdk=iphoneos*]" = "iPhone Developer";
				CODE_SIGN_STYLE = Automatic;
				DEVELOPMENT_TEAM = T4NTT89B96;
				FRAMEWORK_SEARCH_PATHS = (
					"$(inherited)",
					"$(PROJECT_DIR)/FileList",
					"$(PROJECT_DIR)",
				);
				INFOPLIST_FILE = FileList/Info.plist;
				IPHONEOS_DEPLOYMENT_TARGET = 11.0;
				LD_RUNPATH_SEARCH_PATHS = "$(inherited) @executable_path/../Frameworks @executable_path/Frameworks";
				LIBRARY_SEARCH_PATHS = "$(SRCROOT)/FileList";
				PRODUCT_BUNDLE_IDENTIFIER = com.indegene.assignment.FileList1;
				PRODUCT_NAME = "$(TARGET_NAME)";
				PROVISIONING_PROFILE_SPECIFIER = "";
				SWIFT_VERSION = 4.0;
				SYSTEM_FRAMEWORK_SEARCH_PATHS = "$(SRCROOT)/FileList";
			};
			name = Release;
		};
/* End XCBuildConfiguration section */

/* Begin XCConfigurationList section */
		09481FCA1F90ECBE002EAE03 /* Build configuration list for PBXProject "FileList" */ = {
			isa = XCConfigurationList;
			buildConfigurations = (
				09481FF51F90ECBE002EAE03 /* Debug */,
				09481FF61F90ECBE002EAE03 /* Release */,
			);
			defaultConfigurationIsVisible = 0;
			defaultConfigurationName = Release;
		};
		09481FF71F90ECBE002EAE03 /* Build configuration list for PBXNativeTarget "FileList" */ = {
			isa = XCConfigurationList;
			buildConfigurations = (
				09481FF81F90ECBE002EAE03 /* Debug */,
				09481FF91F90ECBE002EAE03 /* Release */,
			);
			defaultConfigurationIsVisible = 0;
			defaultConfigurationName = Release;
		};
/* End XCConfigurationList section */

/* Begin XCVersionGroup section */
		09115D791FA6338C00008979 /* FileList.xcdatamodeld */ = {
			isa = XCVersionGroup;
			children = (
				09115D7A1FA6338C00008979 /* FIleList.xcdatamodel */,
			);
			currentVersion = 09115D7A1FA6338C00008979 /* FIleList.xcdatamodel */;
			path = FileList.xcdatamodeld;
			sourceTree = "<group>";
			versionGroupType = wrapper.xcdatamodel;
		};
/* End XCVersionGroup section */
	};
	rootObject = 09481FC71F90ECBE002EAE03 /* Project object */;
}
